
Microsoft Visual Studio Solution File, Format Version 12.00
# Visual Studio Version 17
VisualStudioVersion = 17.14.36301.6 d17.14
MinimumVisualStudioVersion = 10.0.40219.1
Project("{FAE04EC0-301F-11D3-BF4B-00C04F79EFBC}") = "TDDVendingMachine", "TDDVendingMachine\TDDVendingMachine.csproj", "{542095CF-04D0-48ED-82D7-6180803E996F}"
EndProject
Project("{FAE04EC0-301F-11D3-BF4B-00C04F79EFBC}") = "TDDVendingMachineTests", "VendingMachineTests\TDDVendingMachineTests.csproj", "{C047331C-5885-4CA5-BEB7-A66E8974D2DB}"
EndProject
Global
	GlobalSection(SolutionConfigurationPlatforms) = preSolution
		Debug|Any CPU = Debug|Any CPU
		Release|Any CPU = Release|Any CPU
	EndGlobalSection
	GlobalSection(ProjectConfigurationPlatforms) = postSolution
		{542095CF-04D0-48ED-82D7-6180803E996F}.Debug|Any CPU.ActiveCfg = Debug|Any CPU
		{542095CF-04D0-48ED-82D7-6180803E996F}.Debug|Any CPU.Build.0 = Debug|Any CPU
		{542095CF-04D0-48ED-82D7-6180803E996F}.Release|Any CPU.ActiveCfg = Release|Any CPU
		{542095CF-04D0-48ED-82D7-6180803E996F}.Release|Any CPU.Build.0 = Release|Any CPU
		{C047331C-5885-4CA5-BEB7-A66E8974D2DB}.Debug|Any CPU.ActiveCfg = Debug|Any CPU
		{C047331C-5885-4CA5-BEB7-A66E8974D2DB}.Debug|Any CPU.Build.0 = Debug|Any CPU
		{C047331C-5885-4CA5-BEB7-A66E8974D2DB}.Release|Any CPU.ActiveCfg = Release|Any CPU
		{C047331C-5885-4CA5-BEB7-A66E8974D2DB}.Release|Any CPU.Build.0 = Release|Any CPU
	EndGlobalSection
	GlobalSection(SolutionProperties) = preSolution
		HideSolutionNode = FALSE
	EndGlobalSection
	GlobalSection(ExtensibilityGlobals) = postSolution
		SolutionGuid = {658480F5-61F3-4AFF-9E6F-372BA684A045}
	EndGlobalSection
EndGlobal
